# @generated by Move, please check-in and do not edit manually.

[move]
version = 3
manifest_digest = "A9D5D77160AD7CA92C53572C4650BA4306DC1E7B70BBD9DA61549C4DFC77DFF3"
deps_digest = "F8BBB0CCB2491CA29A3DF03D6F92277A4F3574266507ACD77214D37ECA3F3082"
dependencies = [
  { id = "Sui", name = "Sui" },
]

[[move.package]]
id = "MoveStdlib"
source = { git = "https://github.com/MystenLabs/sui.git", rev = "framework/testnet", subdir = "crates/sui-framework/packages/move-stdlib" }

[[move.package]]
id = "Sui"
source = { git = "https://github.com/MystenLabs/sui.git", rev = "framework/testnet", subdir = "crates/sui-framework/packages/sui-framework" }

dependencies = [
  { id = "MoveStdlib", name = "MoveStdlib" },
]

[move.toolchain-version]
compiler-version = "1.57.2"
edition = "2024.beta"
flavor = "sui"

[env]

[env.testnet]
chain-id = "4c78adac"
original-published-id = "0xbd8ab4002518ed2aa64b2486144a544224c5040f335822a3d429278d43151195"
latest-published-id = "0xbd8ab4002518ed2aa64b2486144a544224c5040f335822a3d429278d43151195"
published-version = "1"
