# @generated by Move, please check-in and do not edit manually.

[move]
version = 3
manifest_digest = "243225E6451E2FC926A575960443ADB5254D50AD0E28222DDF17A756020C83F7"
deps_digest = "F8BBB0CCB2491CA29A3DF03D6F92277A4F3574266507ACD77214D37ECA3F3082"
dependencies = [
  { id = "Sui", name = "Sui" },
]

[[move.package]]
id = "MoveStdlib"
source = { git = "https://github.com/MystenLabs/sui.git", rev = "framework/testnet", subdir = "crates\\sui-framework\\packages\\move-stdlib" }

[[move.package]]
id = "Sui"
source = { git = "https://github.com/MystenLabs/sui.git", rev = "framework/testnet", subdir = "crates/sui-framework/packages/sui-framework" }

dependencies = [
  { id = "MoveStdlib", name = "MoveStdlib" },
]

[move.toolchain-version]
compiler-version = "1.57.0"
edition = "2024.beta"
flavor = "sui"

[env]

[env.testnet]
chain-id = "4c78adac"
original-published-id = "0xc616b742811a4d2e7a0db14098a83b0fba4b6ada57d205253f2f19bf6be68ea1"
latest-published-id = "0xc616b742811a4d2e7a0db14098a83b0fba4b6ada57d205253f2f19bf6be68ea1"
published-version = "1"
